
Microsoft Visual Studio Solution File, Format Version 12.00
# Visual Studio 15
VisualStudioVersion = 15.0.28307.102
MinimumVisualStudioVersion = 10.0.40219.1
Project("{FAE04EC0-301F-11D3-BF4B-00C04F79EFBC}") = "PDFConverter", "PDFConverter\PDFConverter.csproj", "{60536C04-F94F-4399-873A-26279FE35BFE}"
EndProject
Global
	GlobalSection(SolutionConfigurationPlatforms) = preSolution
		Debug|Any CPU = Debug|Any CPU
		Release|Any CPU = Release|Any CPU
	EndGlobalSection
	GlobalSection(ProjectConfigurationPlatforms) = postSolution
		{60536C04-F94F-4399-873A-26279FE35BFE}.Debug|Any CPU.ActiveCfg = Debug|Any CPU
		{60536C04-F94F-4399-873A-26279FE35BFE}.Debug|Any CPU.Build.0 = Debug|Any CPU
		{60536C04-F94F-4399-873A-26279FE35BFE}.Release|Any CPU.ActiveCfg = Release|Any CPU
		{60536C04-F94F-4399-873A-26279FE35BFE}.Release|Any CPU.Build.0 = Release|Any CPU
	EndGlobalSection
	GlobalSection(SolutionProperties) = preSolution
		HideSolutionNode = FALSE
	EndGlobalSection
	GlobalSection(ExtensibilityGlobals) = postSolution
		SolutionGuid = {77EB4B8D-BF3A-425D-BF39-D1DD2FAE0D17}
	EndGlobalSection
EndGlobal
